# This file is autogenerated, do not edit; changes may be undone by the next 'dep ensure'.


[[projects]]
  name = "github.com/golang/geo"
  packages = ["r1","r2","r3","s1","s2"]
  revision = "284d0e7826141d6067722f7b5353b741242596f2"

[solve-meta]
  analyzer-name = "dep"
  analyzer-version = 1
  inputs-digest = "afd099dbf248f58b3a936a4d9d4812e7c54ed9a5821686a4324e596933ffc845"
  solver-name = "gps-cdcl"
  solver-version = 1
